
Microsoft Visual Studio Solution File, Format Version 12.00
# Visual Studio Version 17
VisualStudioVersion = 17.9.34622.214
MinimumVisualStudioVersion = 10.0.40219.1
Project("{FAE04EC0-301F-11D3-BF4B-00C04F79EFBC}") = "QLPhongKH", "QLPhongKH\QLPhongKH.csproj", "{5411E32C-0782-4BA2-A980-E2D35FCD4F71}"
EndProject
Global
	GlobalSection(SolutionConfigurationPlatforms) = preSolution
		Debug|Any CPU = Debug|Any CPU
		Release|Any CPU = Release|Any CPU
	EndGlobalSection
	GlobalSection(ProjectConfigurationPlatforms) = postSolution
		{5411E32C-0782-4BA2-A980-E2D35FCD4F71}.Debug|Any CPU.ActiveCfg = Debug|Any CPU
		{5411E32C-0782-4BA2-A980-E2D35FCD4F71}.Debug|Any CPU.Build.0 = Debug|Any CPU
		{5411E32C-0782-4BA2-A980-E2D35FCD4F71}.Release|Any CPU.ActiveCfg = Release|Any CPU
		{5411E32C-0782-4BA2-A980-E2D35FCD4F71}.Release|Any CPU.Build.0 = Release|Any CPU
	EndGlobalSection
	GlobalSection(SolutionProperties) = preSolution
		HideSolutionNode = FALSE
	EndGlobalSection
	GlobalSection(ExtensibilityGlobals) = postSolution
		SolutionGuid = {ACFAECA5-570C-40E1-A2B3-326A7A2E971B}
	EndGlobalSection
EndGlobal
